Microsoft Visual Studio Solution File, Format Version 12.00
# Visual Studio 2012
Project("{FAE04EC0-301F-11D3-BF4B-00C04F79EFBC}") = "Korvaava_Peli", "Korvaava_Peli.csproj", "{860C41EE-4949-46D8-9F86-B4AA6DC5890F}"
EndProject
Global
	GlobalSection(SolutionConfigurationPlatforms) = preSolution
	Debug|Any CPU = Debug|Any CPU
	ExportDebug|Any CPU = ExportDebug|Any CPU
	ExportRelease|Any CPU = ExportRelease|Any CPU
	EndGlobalSection
	GlobalSection(ProjectConfigurationPlatforms) = postSolution
		{860C41EE-4949-46D8-9F86-B4AA6DC5890F}.Debug|Any CPU.ActiveCfg = Debug|Any CPU
		{860C41EE-4949-46D8-9F86-B4AA6DC5890F}.Debug|Any CPU.Build.0 = Debug|Any CPU
		{860C41EE-4949-46D8-9F86-B4AA6DC5890F}.ExportDebug|Any CPU.ActiveCfg = ExportDebug|Any CPU
		{860C41EE-4949-46D8-9F86-B4AA6DC5890F}.ExportDebug|Any CPU.Build.0 = ExportDebug|Any CPU
		{860C41EE-4949-46D8-9F86-B4AA6DC5890F}.ExportRelease|Any CPU.ActiveCfg = ExportRelease|Any CPU
		{860C41EE-4949-46D8-9F86-B4AA6DC5890F}.ExportRelease|Any CPU.Build.0 = ExportRelease|Any CPU
	EndGlobalSection
EndGlobal
